schema: '2.0'
stages:
  train:
    cmd: python3 train.py
    deps:
    - path: data/winequality-red.csv
      hash: md5
      md5: 774780be2cca11c524468efda1ef13af
      size: 91999
    - path: train.py
      hash: md5
      md5: 175835ca849a40472e5d4dee51d2f7e3
      size: 3586
    outs:
    - path: metrics.csv
      hash: md5
      md5: c33a2078ba39d11321c5aa55641af81c
      size: 39
    - path: models/model.joblib
      hash: md5
      md5: 40c4cd47d78b5874968cbc9a6ed90641
      size: 3432769
