schema: '2.0'
stages:
  train:
    cmd: python3 train.py
    deps:
    - path: data/winequality-red.csv
      hash: md5
      md5: dd8a4ed7e9d8d31546ba17d55805a4ca
      size: 91999
    - path: train.py
      hash: md5
      md5: 175835ca849a40472e5d4dee51d2f7e3
      size: 3586
    outs:
    - path: metrics.csv
      hash: md5
      md5: 1a543ad58ec0766a68f257635dea6b13
      size: 40
    - path: models/model.joblib
      hash: md5
      md5: d63b0e0a027a5a8b8ab981bb760c2848
      size: 3434497
