schema: '2.0'
stages:
  train:
    cmd: python3 train.py
    deps:
    - path: data/winequality-red.csv
      hash: md5
      md5: 08e0cb9e19434a1a15ceda6abdc52799
      size: 92000
    - path: train.py
      hash: md5
      md5: 175835ca849a40472e5d4dee51d2f7e3
      size: 3586
    outs:
    - path: metrics.csv
      hash: md5
      md5: 33827b8c0e011fe144f97fe9aaa64bce
      size: 53
    - path: models/model.joblib
      hash: md5
      md5: d9205742bd7238345527b3c51f472978
      size: 3433057
